
Microsoft Visual Studio Solution File, Format Version 12.00
# Visual Studio Version 16
VisualStudioVersion = 16.0.31613.86
MinimumVisualStudioVersion = 10.0.40219.1
Project("{FAE04EC0-301F-11D3-BF4B-00C04F79EFBC}") = "HotelReservationAPI", "HotelReservationAPI\HotelReservationAPI.csproj", "{942F9431-485C-4087-87C9-CC0B45B53977}"
EndProject
Project("{FAE04EC0-301F-11D3-BF4B-00C04F79EFBC}") = "HotelReservationAPI.Services", "HotelReservationAPI.Services\HotelReservationAPI.Services.csproj", "{CD6C3122-442E-44B6-A371-B62458E4EDE3}"
EndProject
Project("{FAE04EC0-301F-11D3-BF4B-00C04F79EFBC}") = "HotelReservationAPI.Helper", "HotelReservationAPI.Helper\HotelReservationAPI.Helper.csproj", "{A713FFD3-3B2C-493E-9A16-A2F3A7A02685}"
EndProject
Project("{FAE04EC0-301F-11D3-BF4B-00C04F79EFBC}") = "HotelReservationAPI.Models", "HotelReservationAPI.Models\HotelReservationAPI.Models.csproj", "{CCAE5F1B-DBD6-45EB-9DBD-966AEE80C3B8}"
EndProject
Project("{FAE04EC0-301F-11D3-BF4B-00C04F79EFBC}") = "HotelReservationAPI.Data", "HotelReservationAPI.Data\HotelReservationAPI.Data.csproj", "{A8133469-7A55-4759-9DE4-ACF9914F2473}"
EndProject
Global
	GlobalSection(SolutionConfigurationPlatforms) = preSolution
		Debug|Any CPU = Debug|Any CPU
		Release|Any CPU = Release|Any CPU
	EndGlobalSection
	GlobalSection(ProjectConfigurationPlatforms) = postSolution
		{942F9431-485C-4087-87C9-CC0B45B53977}.Debug|Any CPU.ActiveCfg = Debug|Any CPU
		{942F9431-485C-4087-87C9-CC0B45B53977}.Debug|Any CPU.Build.0 = Debug|Any CPU
		{942F9431-485C-4087-87C9-CC0B45B53977}.Release|Any CPU.ActiveCfg = Release|Any CPU
		{942F9431-485C-4087-87C9-CC0B45B53977}.Release|Any CPU.Build.0 = Release|Any CPU
		{CD6C3122-442E-44B6-A371-B62458E4EDE3}.Debug|Any CPU.ActiveCfg = Debug|Any CPU
		{CD6C3122-442E-44B6-A371-B62458E4EDE3}.Debug|Any CPU.Build.0 = Debug|Any CPU
		{CD6C3122-442E-44B6-A371-B62458E4EDE3}.Release|Any CPU.ActiveCfg = Release|Any CPU
		{CD6C3122-442E-44B6-A371-B62458E4EDE3}.Release|Any CPU.Build.0 = Release|Any CPU
		{A713FFD3-3B2C-493E-9A16-A2F3A7A02685}.Debug|Any CPU.ActiveCfg = Debug|Any CPU
		{A713FFD3-3B2C-493E-9A16-A2F3A7A02685}.Debug|Any CPU.Build.0 = Debug|Any CPU
		{A713FFD3-3B2C-493E-9A16-A2F3A7A02685}.Release|Any CPU.ActiveCfg = Release|Any CPU
		{A713FFD3-3B2C-493E-9A16-A2F3A7A02685}.Release|Any CPU.Build.0 = Release|Any CPU
		{CCAE5F1B-DBD6-45EB-9DBD-966AEE80C3B8}.Debug|Any CPU.ActiveCfg = Debug|Any CPU
		{CCAE5F1B-DBD6-45EB-9DBD-966AEE80C3B8}.Debug|Any CPU.Build.0 = Debug|Any CPU
		{CCAE5F1B-DBD6-45EB-9DBD-966AEE80C3B8}.Release|Any CPU.ActiveCfg = Release|Any CPU
		{CCAE5F1B-DBD6-45EB-9DBD-966AEE80C3B8}.Release|Any CPU.Build.0 = Release|Any CPU
		{A8133469-7A55-4759-9DE4-ACF9914F2473}.Debug|Any CPU.ActiveCfg = Debug|Any CPU
		{A8133469-7A55-4759-9DE4-ACF9914F2473}.Debug|Any CPU.Build.0 = Debug|Any CPU
		{A8133469-7A55-4759-9DE4-ACF9914F2473}.Release|Any CPU.ActiveCfg = Release|Any CPU
		{A8133469-7A55-4759-9DE4-ACF9914F2473}.Release|Any CPU.Build.0 = Release|Any CPU
	EndGlobalSection
	GlobalSection(SolutionProperties) = preSolution
		HideSolutionNode = FALSE
	EndGlobalSection
	GlobalSection(ExtensibilityGlobals) = postSolution
		SolutionGuid = {0AEEB73E-A036-4C28-BAE4-DE6D1D7F3FC4}
	EndGlobalSection
EndGlobal
